// !$*UTF8*$!
{
	archiveVersion = 1;
	classes = {
	};
	objectVersion = 56;
	objects = {

/* Begin PBXBuildFile section */
		D129D1E12A63FB1900527423 /* AppDelegate.swift in Sources */ = {isa = PBXBuildFile; fileRef = D129D1E02A63FB1900527423 /* AppDelegate.swift */; };
		D129D1E32A63FB1900527423 /* SceneDelegate.swift in Sources */ = {isa = PBXBuildFile; fileRef = D129D1E22A63FB1900527423 /* SceneDelegate.swift */; };
		D129D1E52A63FB1900527423 /* ViewController.swift in Sources */ = {isa = PBXBuildFile; fileRef = D129D1E42A63FB1900527423 /* ViewController.swift */; };
		D129D1EA2A63FB1A00527423 /* Assets.xcassets in Resources */ = {isa = PBXBuildFile; fileRef = D129D1E92A63FB1A00527423 /* Assets.xcassets */; };
		D129D1ED2A63FB1A00527423 /* LaunchScreen.storyboard in Resources */ = {isa = PBXBuildFile; fileRef = D129D1EB2A63FB1A00527423 /* LaunchScreen.storyboard */; };
		D129D1FC2A64026800527423 /* Model.swift in Sources */ = {isa = PBXBuildFile; fileRef = D129D1FB2A64026800527423 /* Model.swift */; };
		D1F1E2E62A680ADF00F671E1 /* AlbumCell.swift in Sources */ = {isa = PBXBuildFile; fileRef = D1F1E2E52A680ADF00F671E1 /* AlbumCell.swift */; };
		D1F1E2E82A68169E00F671E1 /* TableCell.swift in Sources */ = {isa = PBXBuildFile; fileRef = D1F1E2E72A68169E00F671E1 /* TableCell.swift */; };
/* End PBXBuildFile section */

/* Begin PBXFileReference section */
		D129D1DD2A63FB1900527423 /* Homework14(Photos).app */ = {isa = PBXFileReference; explicitFileType = wrapper.application; includeInIndex = 0; path = "Homework14(Photos).app"; sourceTree = BUILT_PRODUCTS_DIR; };
		D129D1E02A63FB1900527423 /* AppDelegate.swift */ = {isa = PBXFileReference; lastKnownFileType = sourcecode.swift; path = AppDelegate.swift; sourceTree = "<group>"; };
		D129D1E22A63FB1900527423 /* SceneDelegate.swift */ = {isa = PBXFileReference; lastKnownFileType = sourcecode.swift; path = SceneDelegate.swift; sourceTree = "<group>"; };
		D129D1E42A63FB1900527423 /* ViewController.swift */ = {isa = PBXFileReference; lastKnownFileType = sourcecode.swift; path = ViewController.swift; sourceTree = "<group>"; };
		D129D1E92A63FB1A00527423 /* Assets.xcassets */ = {isa = PBXFileReference; lastKnownFileType = folder.assetcatalog; path = Assets.xcassets; sourceTree = "<group>"; };
		D129D1EC2A63FB1A00527423 /* Base */ = {isa = PBXFileReference; lastKnownFileType = file.storyboard; name = Base; path = Base.lproj/LaunchScreen.storyboard; sourceTree = "<group>"; };
		D129D1EE2A63FB1A00527423 /* Info.plist */ = {isa = PBXFileReference; lastKnownFileType = text.plist.xml; path = Info.plist; sourceTree = "<group>"; };
		D129D1FB2A64026800527423 /* Model.swift */ = {isa = PBXFileReference; lastKnownFileType = sourcecode.swift; path = Model.swift; sourceTree = "<group>"; };
		D1F1E2E52A680ADF00F671E1 /* AlbumCell.swift */ = {isa = PBXFileReference; lastKnownFileType = sourcecode.swift; path = AlbumCell.swift; sourceTree = "<group>"; };
		D1F1E2E72A68169E00F671E1 /* TableCell.swift */ = {isa = PBXFileReference; lastKnownFileType = sourcecode.swift; path = TableCell.swift; sourceTree = "<group>"; };
/* End PBXFileReference section */

/* Begin PBXFrameworksBuildPhase section */
		D129D1DA2A63FB1900527423 /* Frameworks */ = {
			isa = PBXFrameworksBuildPhase;
			buildActionMask = 2147483647;
			files = (
			);
			runOnlyForDeploymentPostprocessing = 0;
		};
/* End PBXFrameworksBuildPhase section */

/* Begin PBXGroup section */
		D129D1D42A63FB1900527423 = {
			isa = PBXGroup;
			children = (
				D129D1DF2A63FB1900527423 /* Homework14(Photos) */,
				D129D1DE2A63FB1900527423 /* Products */,
			);
			sourceTree = "<group>";
		};
		D129D1DE2A63FB1900527423 /* Products */ = {
			isa = PBXGroup;
			children = (
				D129D1DD2A63FB1900527423 /* Homework14(Photos).app */,
			);
			name = Products;
			sourceTree = "<group>";
		};
		D129D1DF2A63FB1900527423 /* Homework14(Photos) */ = {
			isa = PBXGroup;
			children = (
				D129D1F42A63FE0A00527423 /* App */,
				D129D1F52A63FE2700527423 /* Resources */,
				D129D1F72A63FE6400527423 /* Sources */,
			);
			path = "Homework14(Photos)";
			sourceTree = "<group>";
		};
		D129D1F42A63FE0A00527423 /* App */ = {
			isa = PBXGroup;
			children = (
				D129D1E02A63FB1900527423 /* AppDelegate.swift */,
				D129D1E22A63FB1900527423 /* SceneDelegate.swift */,
			);
			path = App;
			sourceTree = "<group>";
		};
		D129D1F52A63FE2700527423 /* Resources */ = {
			isa = PBXGroup;
			children = (
				D129D1F62A63FE4A00527423 /* Storyboards */,
				D129D1E92A63FB1A00527423 /* Assets.xcassets */,
				D129D1EE2A63FB1A00527423 /* Info.plist */,
			);
			path = Resources;
			sourceTree = "<group>";
		};
		D129D1F62A63FE4A00527423 /* Storyboards */ = {
			isa = PBXGroup;
			children = (
				D129D1EB2A63FB1A00527423 /* LaunchScreen.storyboard */,
			);
			path = Storyboards;
			sourceTree = "<group>";
		};
		D129D1F72A63FE6400527423 /* Sources */ = {
			isa = PBXGroup;
			children = (
				D129D1FA2A63FEB000527423 /* ViewControllers */,
				D129D1F92A63FEA600527423 /* Items */,
				D129D1F82A63FE9D00527423 /* Model */,
			);
			path = Sources;
			sourceTree = "<group>";
		};
		D129D1F82A63FE9D00527423 /* Model */ = {
			isa = PBXGroup;
			children = (
				D129D1FB2A64026800527423 /* Model.swift */,
			);
			path = Model;
			sourceTree = "<group>";
		};
		D129D1F92A63FEA600527423 /* Items */ = {
			isa = PBXGroup;
			children = (
				D1F1E2E52A680ADF00F671E1 /* AlbumCell.swift */,
				D1F1E2E72A68169E00F671E1 /* TableCell.swift */,
			);
			path = Items;
			sourceTree = "<group>";
		};
		D129D1FA2A63FEB000527423 /* ViewControllers */ = {
			isa = PBXGroup;
			children = (
				D129D1E42A63FB1900527423 /* ViewController.swift */,
			);
			path = ViewControllers;
			sourceTree = "<group>";
		};
/* End PBXGroup section */

/* Begin PBXNativeTarget section */
		D129D1DC2A63FB1900527423 /* Homework14(Photos) */ = {
			isa = PBXNativeTarget;
			buildConfigurationList = D129D1F12A63FB1A00527423 /* Build configuration list for PBXNativeTarget "Homework14(Photos)" */;
			buildPhases = (
				D129D1D92A63FB1900527423 /* Sources */,
				D129D1DA2A63FB1900527423 /* Frameworks */,
				D129D1DB2A63FB1900527423 /* Resources */,
			);
			buildRules = (
			);
			dependencies = (
			);
			name = "Homework14(Photos)";
			productName = "Homework14(Photos)";
			productReference = D129D1DD2A63FB1900527423 /* Homework14(Photos).app */;
			productType = "com.apple.product-type.application";
		};
/* End PBXNativeTarget section */

/* Begin PBXProject section */
		D129D1D52A63FB1900527423 /* Project object */ = {
			isa = PBXProject;
			attributes = {
				BuildIndependentTargetsInParallel = 1;
				LastSwiftUpdateCheck = 1430;
				LastUpgradeCheck = 1430;
				TargetAttributes = {
					D129D1DC2A63FB1900527423 = {
						CreatedOnToolsVersion = 14.3.1;
					};
				};
			};
			buildConfigurationList = D129D1D82A63FB1900527423 /* Build configuration list for PBXProject "Homework14(Photos)" */;
			compatibilityVersion = "Xcode 14.0";
			developmentRegion = en;
			hasScannedForEncodings = 0;
			knownRegions = (
				en,
				Base,
			);
			mainGroup = D129D1D42A63FB1900527423;
			productRefGroup = D129D1DE2A63FB1900527423 /* Products */;
			projectDirPath = "";
			projectRoot = "";
			targets = (
				D129D1DC2A63FB1900527423 /* Homework14(Photos) */,
			);
		};
/* End PBXProject section */

/* Begin PBXResourcesBuildPhase section */
		D129D1DB2A63FB1900527423 /* Resources */ = {
			isa = PBXResourcesBuildPhase;
			buildActionMask = 2147483647;
			files = (
				D129D1ED2A63FB1A00527423 /* LaunchScreen.storyboard in Resources */,
				D129D1EA2A63FB1A00527423 /* Assets.xcassets in Resources */,
			);
			runOnlyForDeploymentPostprocessing = 0;
		};
/* End PBXResourcesBuildPhase section */

/* Begin PBXSourcesBuildPhase section */
		D129D1D92A63FB1900527423 /* Sources */ = {
			isa = PBXSourcesBuildPhase;
			buildActionMask = 2147483647;
			files = (
				D1F1E2E82A68169E00F671E1 /* TableCell.swift in Sources */,
				D129D1E52A63FB1900527423 /* ViewController.swift in Sources */,
				D129D1FC2A64026800527423 /* Model.swift in Sources */,
				D1F1E2E62A680ADF00F671E1 /* AlbumCell.swift in Sources */,
				D129D1E12A63FB1900527423 /* AppDelegate.swift in Sources */,
				D129D1E32A63FB1900527423 /* SceneDelegate.swift in Sources */,
			);
			runOnlyForDeploymentPostprocessing = 0;
		};
/* End PBXSourcesBuildPhase section */

/* Begin PBXVariantGroup section */
		D129D1EB2A63FB1A00527423 /* LaunchScreen.storyboard */ = {
			isa = PBXVariantGroup;
			children = (
				D129D1EC2A63FB1A00527423 /* Base */,
			);
			name = LaunchScreen.storyboard;
			sourceTree = "<group>";
		};
/* End PBXVariantGroup section */

/* Begin XCBuildConfiguration section */
		D129D1EF2A63FB1A00527423 /* Debug */ = {
			isa = XCBuildConfiguration;
			buildSettings = {
				ALWAYS_SEARCH_USER_PATHS = NO;
				CLANG_ANALYZER_NONNULL = YES;
				CLANG_ANALYZER_NUMBER_OBJECT_CONVERSION = YES_AGGRESSIVE;
				CLANG_CXX_LANGUAGE_STANDARD = "gnu++20";
				CLANG_ENABLE_MODULES = YES;
				CLANG_ENABLE_OBJC_ARC = YES;
				CLANG_ENABLE_OBJC_WEAK = YES;
				CLANG_WARN_BLOCK_CAPTURE_AUTORELEASING = YES;
				CLANG_WARN_BOOL_CONVERSION = YES;
				CLANG_WARN_COMMA = YES;
				CLANG_WARN_CONSTANT_CONVERSION = YES;
				CLANG_WARN_DEPRECATED_OBJC_IMPLEMENTATIONS = YES;
				CLANG_WARN_DIRECT_OBJC_ISA_USAGE = YES_ERROR;
				CLANG_WARN_DOCUMENTATION_COMMENTS = YES;
				CLANG_WARN_EMPTY_BODY = YES;
				CLANG_WARN_ENUM_CONVERSION = YES;
				CLANG_WARN_INFINITE_RECURSION = YES;
				CLANG_WARN_INT_CONVERSION = YES;
				CLANG_WARN_NON_LITERAL_NULL_CONVERSION = YES;
				CLANG_WARN_OBJC_IMPLICIT_RETAIN_SELF = YES;
				CLANG_WARN_OBJC_LITERAL_CONVERSION = YES;
				CLANG_WARN_OBJC_ROOT_CLASS = YES_ERROR;
				CLANG_WARN_QUOTED_INCLUDE_IN_FRAMEWORK_HEADER = YES;
				CLANG_WARN_RANGE_LOOP_ANALYSIS = YES;
				CLANG_WARN_STRICT_PROTOTYPES = YES;
				CLANG_WARN_SUSPICIOUS_MOVE = YES;
				CLANG_WARN_UNGUARDED_AVAILABILITY = YES_AGGRESSIVE;
				CLANG_WARN_UNREACHABLE_CODE = YES;
				CLANG_WARN__DUPLICATE_METHOD_MATCH = YES;
				COPY_PHASE_STRIP = NO;
				DEBUG_INFORMATION_FORMAT = dwarf;
				ENABLE_STRICT_OBJC_MSGSEND = YES;
				ENABLE_TESTABILITY = YES;
				GCC_C_LANGUAGE_STANDARD = gnu11;
				GCC_DYNAMIC_NO_PIC = NO;
				GCC_NO_COMMON_BLOCKS = YES;
				GCC_OPTIMIZATION_LEVEL = 0;
				GCC_PREPROCESSOR_DEFINITIONS = (
					"DEBUG=1",
					"$(inherited)",
				);
				GCC_WARN_64_TO_32_BIT_CONVERSION = YES;
				GCC_WARN_ABOUT_RETURN_TYPE = YES_ERROR;
				GCC_WARN_UNDECLARED_SELECTOR = YES;
				GCC_WARN_UNINITIALIZED_AUTOS = YES_AGGRESSIVE;
				GCC_WARN_UNUSED_FUNCTION = YES;
				GCC_WARN_UNUSED_VARIABLE = YES;
				IPHONEOS_DEPLOYMENT_TARGET = 16.4;
				MTL_ENABLE_DEBUG_INFO = INCLUDE_SOURCE;
				MTL_FAST_MATH = YES;
				ONLY_ACTIVE_ARCH = YES;
				SDKROOT = iphoneos;
				SWIFT_ACTIVE_COMPILATION_CONDITIONS = DEBUG;
				SWIFT_OPTIMIZATION_LEVEL = "-Onone";
			};
			name = Debug;
		};
		D129D1F02A63FB1A00527423 /* Release */ = {
			isa = XCBuildConfiguration;
			buildSettings = {
				ALWAYS_SEARCH_USER_PATHS = NO;
				CLANG_ANALYZER_NONNULL = YES;
				CLANG_ANALYZER_NUMBER_OBJECT_CONVERSION = YES_AGGRESSIVE;
				CLANG_CXX_LANGUAGE_STANDARD = "gnu++20";
				CLANG_ENABLE_MODULES = YES;
				CLANG_ENABLE_OBJC_ARC = YES;
				CLANG_ENABLE_OBJC_WEAK = YES;
				CLANG_WARN_BLOCK_CAPTURE_AUTORELEASING = YES;
				CLANG_WARN_BOOL_CONVERSION = YES;
				CLANG_WARN_COMMA = YES;
				CLANG_WARN_CONSTANT_CONVERSION = YES;
				CLANG_WARN_DEPRECATED_OBJC_IMPLEMENTATIONS = YES;
				CLANG_WARN_DIRECT_OBJC_ISA_USAGE = YES_ERROR;
				CLANG_WARN_DOCUMENTATION_COMMENTS = YES;
				CLANG_WARN_EMPTY_BODY = YES;
				CLANG_WARN_ENUM_CONVERSION = YES;
				CLANG_WARN_INFINITE_RECURSION = YES;
				CLANG_WARN_INT_CONVERSION = YES;
				CLANG_WARN_NON_LITERAL_NULL_CONVERSION = YES;
				CLANG_WARN_OBJC_IMPLICIT_RETAIN_SELF = YES;
				CLANG_WARN_OBJC_LITERAL_CONVERSION = YES;
				CLANG_WARN_OBJC_ROOT_CLASS = YES_ERROR;
				CLANG_WARN_QUOTED_INCLUDE_IN_FRAMEWORK_HEADER = YES;
				CLANG_WARN_RANGE_LOOP_ANALYSIS = YES;
				CLANG_WARN_STRICT_PROTOTYPES = YES;
				CLANG_WARN_SUSPICIOUS_MOVE = YES;
				CLANG_WARN_UNGUARDED_AVAILABILITY = YES_AGGRESSIVE;
				CLANG_WARN_UNREACHABLE_CODE = YES;
				CLANG_WARN__DUPLICATE_METHOD_MATCH = YES;
				COPY_PHASE_STRIP = NO;
				DEBUG_INFORMATION_FORMAT = "dwarf-with-dsym";
				ENABLE_NS_ASSERTIONS = NO;
				ENABLE_STRICT_OBJC_MSGSEND = YES;
				GCC_C_LANGUAGE_STANDARD = gnu11;
				GCC_NO_COMMON_BLOCKS = YES;
				GCC_WARN_64_TO_32_BIT_CONVERSION = YES;
				GCC_WARN_ABOUT_RETURN_TYPE = YES_ERROR;
				GCC_WARN_UNDECLARED_SELECTOR = YES;
				GCC_WARN_UNINITIALIZED_AUTOS = YES_AGGRESSIVE;
				GCC_WARN_UNUSED_FUNCTION = YES;
				GCC_WARN_UNUSED_VARIABLE = YES;
				IPHONEOS_DEPLOYMENT_TARGET = 16.4;
				MTL_ENABLE_DEBUG_INFO = NO;
				MTL_FAST_MATH = YES;
				SDKROOT = iphoneos;
				SWIFT_COMPILATION_MODE = wholemodule;
				SWIFT_OPTIMIZATION_LEVEL = "-O";
				VALIDATE_PRODUCT = YES;
			};
			name = Release;
		};
		D129D1F22A63FB1A00527423 /* Debug */ = {
			isa = XCBuildConfiguration;
			buildSettings = {
				ASSETCATALOG_COMPILER_APPICON_NAME = AppIcon;
				ASSETCATALOG_COMPILER_GLOBAL_ACCENT_COLOR_NAME = AccentColor;
				CODE_SIGN_STYLE = Automatic;
				CURRENT_PROJECT_VERSION = 1;
				DEVELOPMENT_TEAM = 6XZKA4BJLF;
				GENERATE_INFOPLIST_FILE = YES;
				INFOPLIST_FILE = "Homework14(Photos)/Resources/Info.plist";
				INFOPLIST_KEY_UIApplicationSupportsIndirectInputEvents = YES;
				INFOPLIST_KEY_UILaunchStoryboardName = LaunchScreen;
				INFOPLIST_KEY_UISupportedInterfaceOrientations_iPad = "UIInterfaceOrientationPortrait UIInterfaceOrientationPortraitUpsideDown UIInterfaceOrientationLandscapeLeft UIInterfaceOrientationLandscapeRight";
				INFOPLIST_KEY_UISupportedInterfaceOrientations_iPhone = "UIInterfaceOrientationPortrait UIInterfaceOrientationLandscapeLeft UIInterfaceOrientationLandscapeRight";
				IPHONEOS_DEPLOYMENT_TARGET = 15.0;
				LD_RUNPATH_SEARCH_PATHS = (
					"$(inherited)",
					"@executable_path/Frameworks",
				);
				MARKETING_VERSION = 1.0;
				PRODUCT_BUNDLE_IDENTIFIER = "com.my.Homework14-Photos-";
				PRODUCT_NAME = "$(TARGET_NAME)";
				SWIFT_EMIT_LOC_STRINGS = YES;
				SWIFT_VERSION = 5.0;
				TARGETED_DEVICE_FAMILY = "1,2";
			};
			name = Debug;
		};
		D129D1F32A63FB1A00527423 /* Release */ = {
			isa = XCBuildConfiguration;
			buildSettings = {
				ASSETCATALOG_COMPILER_APPICON_NAME = AppIcon;
				ASSETCATALOG_COMPILER_GLOBAL_ACCENT_COLOR_NAME = AccentColor;
				CODE_SIGN_STYLE = Automatic;
				CURRENT_PROJECT_VERSION = 1;
				DEVELOPMENT_TEAM = 6XZKA4BJLF;
				GENERATE_INFOPLIST_FILE = YES;
				INFOPLIST_FILE = "Homework14(Photos)/Resources/Info.plist";
				INFOPLIST_KEY_UIApplicationSupportsIndirectInputEvents = YES;
				INFOPLIST_KEY_UILaunchStoryboardName = LaunchScreen;
				INFOPLIST_KEY_UISupportedInterfaceOrientations_iPad = "UIInterfaceOrientationPortrait UIInterfaceOrientationPortraitUpsideDown UIInterfaceOrientationLandscapeLeft UIInterfaceOrientationLandscapeRight";
				INFOPLIST_KEY_UISupportedInterfaceOrientations_iPhone = "UIInterfaceOrientationPortrait UIInterfaceOrientationLandscapeLeft UIInterfaceOrientationLandscapeRight";
				IPHONEOS_DEPLOYMENT_TARGET = 15.0;
				LD_RUNPATH_SEARCH_PATHS = (
					"$(inherited)",
					"@executable_path/Frameworks",
				);
				MARKETING_VERSION = 1.0;
				PRODUCT_BUNDLE_IDENTIFIER = "com.my.Homework14-Photos-";
				PRODUCT_NAME = "$(TARGET_NAME)";
				SWIFT_EMIT_LOC_STRINGS = YES;
				SWIFT_VERSION = 5.0;
				TARGETED_DEVICE_FAMILY = "1,2";
			};
			name = Release;
		};
/* End XCBuildConfiguration section */

/* Begin XCConfigurationList section */
		D129D1D82A63FB1900527423 /* Build configuration list for PBXProject "Homework14(Photos)" */ = {
			isa = XCConfigurationList;
			buildConfigurations = (
				D129D1EF2A63FB1A00527423 /* Debug */,
				D129D1F02A63FB1A00527423 /* Release */,
			);
			defaultConfigurationIsVisible = 0;
			defaultConfigurationName = Release;
		};
		D129D1F12A63FB1A00527423 /* Build configuration list for PBXNativeTarget "Homework14(Photos)" */ = {
			isa = XCConfigurationList;
			buildConfigurations = (
				D129D1F22A63FB1A00527423 /* Debug */,
				D129D1F32A63FB1A00527423 /* Release */,
			);
			defaultConfigurationIsVisible = 0;
			defaultConfigurationName = Release;
		};
/* End XCConfigurationList section */
	};
	rootObject = D129D1D52A63FB1900527423 /* Project object */;
}
